
Microsoft Visual Studio Solution File, Format Version 12.00
# Visual Studio 15
VisualStudioVersion = 15.0.26730.16
MinimumVisualStudioVersion = 10.0.40219.1
Project("{FAE04EC0-301F-11D3-BF4B-00C04F79EFBC}") = "CS305_WebApp", "CS305_WebApp\CS305_WebApp.csproj", "{044B03BC-954E-4B4B-8988-BE147446BF1C}"
EndProject
Global
	GlobalSection(SolutionConfigurationPlatforms) = preSolution
		Debug|Any CPU = Debug|Any CPU
		Release|Any CPU = Release|Any CPU
	EndGlobalSection
	GlobalSection(ProjectConfigurationPlatforms) = postSolution
		{044B03BC-954E-4B4B-8988-BE147446BF1C}.Debug|Any CPU.ActiveCfg = Debug|Any CPU
		{044B03BC-954E-4B4B-8988-BE147446BF1C}.Debug|Any CPU.Build.0 = Debug|Any CPU
		{044B03BC-954E-4B4B-8988-BE147446BF1C}.Release|Any CPU.ActiveCfg = Release|Any CPU
		{044B03BC-954E-4B4B-8988-BE147446BF1C}.Release|Any CPU.Build.0 = Release|Any CPU
	EndGlobalSection
	GlobalSection(SolutionProperties) = preSolution
		HideSolutionNode = FALSE
	EndGlobalSection
	GlobalSection(ExtensibilityGlobals) = postSolution
		SolutionGuid = {35D0AFD6-3CAB-4161-8D58-6E3E794DD224}
	EndGlobalSection
EndGlobal
